
Microsoft Visual Studio Solution File, Format Version 12.00
# Visual Studio Version 17
VisualStudioVersion = 17.4.33110.190
MinimumVisualStudioVersion = 10.0.40219.1
Project("{FAE04EC0-301F-11D3-BF4B-00C04F79EFBC}") = "WpfApp1", "WpfApp1\WpfApp1.csproj", "{F7DF7E01-761A-4AE8-A6E8-4BB4A78C54F9}"
EndProject
Global
	GlobalSection(SolutionConfigurationPlatforms) = preSolution
		Debug|Any CPU = Debug|Any CPU
		Release|Any CPU = Release|Any CPU
	EndGlobalSection
	GlobalSection(ProjectConfigurationPlatforms) = postSolution
		{F7DF7E01-761A-4AE8-A6E8-4BB4A78C54F9}.Debug|Any CPU.ActiveCfg = Debug|Any CPU
		{F7DF7E01-761A-4AE8-A6E8-4BB4A78C54F9}.Debug|Any CPU.Build.0 = Debug|Any CPU
		{F7DF7E01-761A-4AE8-A6E8-4BB4A78C54F9}.Release|Any CPU.ActiveCfg = Release|Any CPU
		{F7DF7E01-761A-4AE8-A6E8-4BB4A78C54F9}.Release|Any CPU.Build.0 = Release|Any CPU
	EndGlobalSection
	GlobalSection(SolutionProperties) = preSolution
		HideSolutionNode = FALSE
	EndGlobalSection
	GlobalSection(ExtensibilityGlobals) = postSolution
		SolutionGuid = {441D36BA-6BBD-499D-8B52-1C95DA50FD2D}
	EndGlobalSection
EndGlobal
